
Microsoft Visual Studio Solution File, Format Version 12.00
Project("{FAE04EC0-301F-11D3-BF4B-00C04F79EFBC}") = "MdReactionist", "MdReactionist\MdReactionist.csproj", "{B4BC8E14-A3FD-405C-A866-54316C4ADACF}"
EndProject
Global
	GlobalSection(SolutionConfigurationPlatforms) = preSolution
		Debug|Any CPU = Debug|Any CPU
		Release|Any CPU = Release|Any CPU
	EndGlobalSection
	GlobalSection(ProjectConfigurationPlatforms) = postSolution
		{B4BC8E14-A3FD-405C-A866-54316C4ADACF}.Debug|Any CPU.ActiveCfg = Debug|Any CPU
		{B4BC8E14-A3FD-405C-A866-54316C4ADACF}.Debug|Any CPU.Build.0 = Debug|Any CPU
		{B4BC8E14-A3FD-405C-A866-54316C4ADACF}.Release|Any CPU.ActiveCfg = Release|Any CPU
		{B4BC8E14-A3FD-405C-A866-54316C4ADACF}.Release|Any CPU.Build.0 = Release|Any CPU
	EndGlobalSection
EndGlobal
